
Microsoft Visual Studio Solution File, Format Version 12.00
# Visual Studio Version 17
VisualStudioVersion = 17.7.34202.233
MinimumVisualStudioVersion = 10.0.40219.1
Project("{FAE04EC0-301F-11D3-BF4B-00C04F79EFBC}") = "zad5", "zad5\zad5.csproj", "{CA7A17D0-8C2A-4AE0-A386-68F11D1E87E3}"
EndProject
Global
	GlobalSection(SolutionConfigurationPlatforms) = preSolution
		Debug|Any CPU = Debug|Any CPU
		Release|Any CPU = Release|Any CPU
	EndGlobalSection
	GlobalSection(ProjectConfigurationPlatforms) = postSolution
		{CA7A17D0-8C2A-4AE0-A386-68F11D1E87E3}.Debug|Any CPU.ActiveCfg = Debug|Any CPU
		{CA7A17D0-8C2A-4AE0-A386-68F11D1E87E3}.Debug|Any CPU.Build.0 = Debug|Any CPU
		{CA7A17D0-8C2A-4AE0-A386-68F11D1E87E3}.Release|Any CPU.ActiveCfg = Release|Any CPU
		{CA7A17D0-8C2A-4AE0-A386-68F11D1E87E3}.Release|Any CPU.Build.0 = Release|Any CPU
	EndGlobalSection
	GlobalSection(SolutionProperties) = preSolution
		HideSolutionNode = FALSE
	EndGlobalSection
	GlobalSection(ExtensibilityGlobals) = postSolution
		SolutionGuid = {E8AEAECD-8F47-4F1A-B6F1-8D7C31BF9327}
	EndGlobalSection
EndGlobal
